
Microsoft Visual Studio Solution File, Format Version 12.00
# Visual Studio 14
VisualStudioVersion = 14.0.25123.0
MinimumVisualStudioVersion = 10.0.40219.1
Project("{FAE04EC0-301F-11D3-BF4B-00C04F79EFBC}") = "ArhitecturaCPU.Assembler", "ArhitecturaCPU.FileParser\ArhitecturaCPU.Assembler.csproj", "{F4C88BF7-F961-4BC0-8DAC-83D14EF60240}"
EndProject
Project("{FAE04EC0-301F-11D3-BF4B-00C04F79EFBC}") = "ArhitecturaCPU.FileOperation", "ArhitecturaCPU.FileOperation\ArhitecturaCPU.FileOperation.csproj", "{248FAA18-B319-4D71-BFD3-802A662A2B61}"
EndProject
Project("{FAE04EC0-301F-11D3-BF4B-00C04F79EFBC}") = "ArhitecturaCPU.Simulation", "ArhitecturaCPU.Simulation\ArhitecturaCPU.Simulation.csproj", "{F8695946-D685-41F2-AB52-C38BE79F0829}"
EndProject
Project("{FAE04EC0-301F-11D3-BF4B-00C04F79EFBC}") = "ArhitecturaCPU.GUI", "ArhitecturaCPU.GUI\ArhitecturaCPU.GUI.csproj", "{69CF4150-4365-46B8-BC7D-35509AD0B108}"
EndProject
Project("{6141683F-8A12-4E36-9623-2EB02B2C2303}") = "Setup", "Setup\Setup.isproj", "{A87FA47F-B0BE-4724-9562-9B537C2CFA2D}"
	ProjectSection(ProjectDependencies) = postProject
		{248FAA18-B319-4D71-BFD3-802A662A2B61} = {248FAA18-B319-4D71-BFD3-802A662A2B61}
		{F8695946-D685-41F2-AB52-C38BE79F0829} = {F8695946-D685-41F2-AB52-C38BE79F0829}
		{69CF4150-4365-46B8-BC7D-35509AD0B108} = {69CF4150-4365-46B8-BC7D-35509AD0B108}
		{F4C88BF7-F961-4BC0-8DAC-83D14EF60240} = {F4C88BF7-F961-4BC0-8DAC-83D14EF60240}
	EndProjectSection
EndProject
Global
	GlobalSection(SolutionConfigurationPlatforms) = preSolution
		CD_ROM|Any CPU = CD_ROM|Any CPU
		Debug|Any CPU = Debug|Any CPU
		DVD-5|Any CPU = DVD-5|Any CPU
		Release|Any CPU = Release|Any CPU
		SingleImage|Any CPU = SingleImage|Any CPU
	EndGlobalSection
	GlobalSection(ProjectConfigurationPlatforms) = postSolution
		{F4C88BF7-F961-4BC0-8DAC-83D14EF60240}.CD_ROM|Any CPU.ActiveCfg = Release|Any CPU
		{F4C88BF7-F961-4BC0-8DAC-83D14EF60240}.CD_ROM|Any CPU.Build.0 = Release|Any CPU
		{F4C88BF7-F961-4BC0-8DAC-83D14EF60240}.Debug|Any CPU.ActiveCfg = Debug|Any CPU
		{F4C88BF7-F961-4BC0-8DAC-83D14EF60240}.Debug|Any CPU.Build.0 = Debug|Any CPU
		{F4C88BF7-F961-4BC0-8DAC-83D14EF60240}.DVD-5|Any CPU.ActiveCfg = Debug|Any CPU
		{F4C88BF7-F961-4BC0-8DAC-83D14EF60240}.DVD-5|Any CPU.Build.0 = Debug|Any CPU
		{F4C88BF7-F961-4BC0-8DAC-83D14EF60240}.Release|Any CPU.ActiveCfg = Release|Any CPU
		{F4C88BF7-F961-4BC0-8DAC-83D14EF60240}.Release|Any CPU.Build.0 = Release|Any CPU
		{F4C88BF7-F961-4BC0-8DAC-83D14EF60240}.SingleImage|Any CPU.ActiveCfg = Release|Any CPU
		{F4C88BF7-F961-4BC0-8DAC-83D14EF60240}.SingleImage|Any CPU.Build.0 = Release|Any CPU
		{248FAA18-B319-4D71-BFD3-802A662A2B61}.CD_ROM|Any CPU.ActiveCfg = Release|Any CPU
		{248FAA18-B319-4D71-BFD3-802A662A2B61}.CD_ROM|Any CPU.Build.0 = Release|Any CPU
		{248FAA18-B319-4D71-BFD3-802A662A2B61}.Debug|Any CPU.ActiveCfg = Debug|Any CPU
		{248FAA18-B319-4D71-BFD3-802A662A2B61}.Debug|Any CPU.Build.0 = Debug|Any CPU
		{248FAA18-B319-4D71-BFD3-802A662A2B61}.DVD-5|Any CPU.ActiveCfg = Debug|Any CPU
		{248FAA18-B319-4D71-BFD3-802A662A2B61}.DVD-5|Any CPU.Build.0 = Debug|Any CPU
		{248FAA18-B319-4D71-BFD3-802A662A2B61}.Release|Any CPU.ActiveCfg = Release|Any CPU
		{248FAA18-B319-4D71-BFD3-802A662A2B61}.Release|Any CPU.Build.0 = Release|Any CPU
		{248FAA18-B319-4D71-BFD3-802A662A2B61}.SingleImage|Any CPU.ActiveCfg = Release|Any CPU
		{248FAA18-B319-4D71-BFD3-802A662A2B61}.SingleImage|Any CPU.Build.0 = Release|Any CPU
		{F8695946-D685-41F2-AB52-C38BE79F0829}.CD_ROM|Any CPU.ActiveCfg = Release|Any CPU
		{F8695946-D685-41F2-AB52-C38BE79F0829}.CD_ROM|Any CPU.Build.0 = Release|Any CPU
		{F8695946-D685-41F2-AB52-C38BE79F0829}.Debug|Any CPU.ActiveCfg = Debug|Any CPU
		{F8695946-D685-41F2-AB52-C38BE79F0829}.Debug|Any CPU.Build.0 = Debug|Any CPU
		{F8695946-D685-41F2-AB52-C38BE79F0829}.DVD-5|Any CPU.ActiveCfg = Debug|Any CPU
		{F8695946-D685-41F2-AB52-C38BE79F0829}.DVD-5|Any CPU.Build.0 = Debug|Any CPU
		{F8695946-D685-41F2-AB52-C38BE79F0829}.Release|Any CPU.ActiveCfg = Release|Any CPU
		{F8695946-D685-41F2-AB52-C38BE79F0829}.Release|Any CPU.Build.0 = Release|Any CPU
		{F8695946-D685-41F2-AB52-C38BE79F0829}.SingleImage|Any CPU.ActiveCfg = Release|Any CPU
		{F8695946-D685-41F2-AB52-C38BE79F0829}.SingleImage|Any CPU.Build.0 = Release|Any CPU
		{69CF4150-4365-46B8-BC7D-35509AD0B108}.CD_ROM|Any CPU.ActiveCfg = Release|Any CPU
		{69CF4150-4365-46B8-BC7D-35509AD0B108}.CD_ROM|Any CPU.Build.0 = Release|Any CPU
		{69CF4150-4365-46B8-BC7D-35509AD0B108}.Debug|Any CPU.ActiveCfg = Debug|Any CPU
		{69CF4150-4365-46B8-BC7D-35509AD0B108}.Debug|Any CPU.Build.0 = Debug|Any CPU
		{69CF4150-4365-46B8-BC7D-35509AD0B108}.DVD-5|Any CPU.ActiveCfg = Debug|Any CPU
		{69CF4150-4365-46B8-BC7D-35509AD0B108}.DVD-5|Any CPU.Build.0 = Debug|Any CPU
		{69CF4150-4365-46B8-BC7D-35509AD0B108}.Release|Any CPU.ActiveCfg = Release|Any CPU
		{69CF4150-4365-46B8-BC7D-35509AD0B108}.Release|Any CPU.Build.0 = Release|Any CPU
		{69CF4150-4365-46B8-BC7D-35509AD0B108}.SingleImage|Any CPU.ActiveCfg = Release|Any CPU
		{69CF4150-4365-46B8-BC7D-35509AD0B108}.SingleImage|Any CPU.Build.0 = Release|Any CPU
		{A87FA47F-B0BE-4724-9562-9B537C2CFA2D}.CD_ROM|Any CPU.ActiveCfg = CD_ROM
		{A87FA47F-B0BE-4724-9562-9B537C2CFA2D}.CD_ROM|Any CPU.Build.0 = CD_ROM
		{A87FA47F-B0BE-4724-9562-9B537C2CFA2D}.Debug|Any CPU.ActiveCfg = SingleImage
		{A87FA47F-B0BE-4724-9562-9B537C2CFA2D}.Debug|Any CPU.Build.0 = SingleImage
		{A87FA47F-B0BE-4724-9562-9B537C2CFA2D}.DVD-5|Any CPU.ActiveCfg = DVD-5
		{A87FA47F-B0BE-4724-9562-9B537C2CFA2D}.DVD-5|Any CPU.Build.0 = DVD-5
		{A87FA47F-B0BE-4724-9562-9B537C2CFA2D}.Release|Any CPU.ActiveCfg = SingleImage
		{A87FA47F-B0BE-4724-9562-9B537C2CFA2D}.Release|Any CPU.Build.0 = SingleImage
		{A87FA47F-B0BE-4724-9562-9B537C2CFA2D}.SingleImage|Any CPU.ActiveCfg = SingleImage
		{A87FA47F-B0BE-4724-9562-9B537C2CFA2D}.SingleImage|Any CPU.Build.0 = SingleImage
	EndGlobalSection
	GlobalSection(SolutionProperties) = preSolution
		HideSolutionNode = FALSE
	EndGlobalSection
EndGlobal
