
Microsoft Visual Studio Solution File, Format Version 12.00
# Visual Studio 15
VisualStudioVersion = 15.0.26403.7
MinimumVisualStudioVersion = 10.0.40219.1
Project("{FAE04EC0-301F-11D3-BF4B-00C04F79EFBC}") = "ArhitecturaCPU.Assembler", "ArhitecturaCPU.FileParser\ArhitecturaCPU.Assembler.csproj", "{F4C88BF7-F961-4BC0-8DAC-83D14EF60240}"
EndProject
Project("{FAE04EC0-301F-11D3-BF4B-00C04F79EFBC}") = "ArhitecturaCPU.FileOperation", "ArhitecturaCPU.FileOperation\ArhitecturaCPU.FileOperation.csproj", "{248FAA18-B319-4D71-BFD3-802A662A2B61}"
EndProject
Project("{FAE04EC0-301F-11D3-BF4B-00C04F79EFBC}") = "ArhitecturaCPU.Simulation", "ArhitecturaCPU.Simulation\ArhitecturaCPU.Simulation.csproj", "{F8695946-D685-41F2-AB52-C38BE79F0829}"
EndProject
Project("{FAE04EC0-301F-11D3-BF4B-00C04F79EFBC}") = "ArhitecturaCPU.GUI", "ArhitecturaCPU.GUI\ArhitecturaCPU.GUI.csproj", "{69CF4150-4365-46B8-BC7D-35509AD0B108}"
EndProject
Global
	GlobalSection(SolutionConfigurationPlatforms) = preSolution
		CD_ROM|Any CPU = CD_ROM|Any CPU
		Debug|Any CPU = Debug|Any CPU
		DVD-5|Any CPU = DVD-5|Any CPU
		Release|Any CPU = Release|Any CPU
		SingleImage|Any CPU = SingleImage|Any CPU
	EndGlobalSection
	GlobalSection(ProjectConfigurationPlatforms) = postSolution
		{F4C88BF7-F961-4BC0-8DAC-83D14EF60240}.CD_ROM|Any CPU.ActiveCfg = Release|Any CPU
		{F4C88BF7-F961-4BC0-8DAC-83D14EF60240}.CD_ROM|Any CPU.Build.0 = Release|Any CPU
		{F4C88BF7-F961-4BC0-8DAC-83D14EF60240}.Debug|Any CPU.ActiveCfg = Debug|Any CPU
		{F4C88BF7-F961-4BC0-8DAC-83D14EF60240}.Debug|Any CPU.Build.0 = Debug|Any CPU
		{F4C88BF7-F961-4BC0-8DAC-83D14EF60240}.DVD-5|Any CPU.ActiveCfg = Debug|Any CPU
		{F4C88BF7-F961-4BC0-8DAC-83D14EF60240}.DVD-5|Any CPU.Build.0 = Debug|Any CPU
		{F4C88BF7-F961-4BC0-8DAC-83D14EF60240}.Release|Any CPU.ActiveCfg = Release|Any CPU
		{F4C88BF7-F961-4BC0-8DAC-83D14EF60240}.Release|Any CPU.Build.0 = Release|Any CPU
		{F4C88BF7-F961-4BC0-8DAC-83D14EF60240}.SingleImage|Any CPU.ActiveCfg = Release|Any CPU
		{F4C88BF7-F961-4BC0-8DAC-83D14EF60240}.SingleImage|Any CPU.Build.0 = Release|Any CPU
		{248FAA18-B319-4D71-BFD3-802A662A2B61}.CD_ROM|Any CPU.ActiveCfg = Release|Any CPU
		{248FAA18-B319-4D71-BFD3-802A662A2B61}.CD_ROM|Any CPU.Build.0 = Release|Any CPU
		{248FAA18-B319-4D71-BFD3-802A662A2B61}.Debug|Any CPU.ActiveCfg = Debug|Any CPU
		{248FAA18-B319-4D71-BFD3-802A662A2B61}.Debug|Any CPU.Build.0 = Debug|Any CPU
		{248FAA18-B319-4D71-BFD3-802A662A2B61}.DVD-5|Any CPU.ActiveCfg = Debug|Any CPU
		{248FAA18-B319-4D71-BFD3-802A662A2B61}.DVD-5|Any CPU.Build.0 = Debug|Any CPU
		{248FAA18-B319-4D71-BFD3-802A662A2B61}.Release|Any CPU.ActiveCfg = Release|Any CPU
		{248FAA18-B319-4D71-BFD3-802A662A2B61}.Release|Any CPU.Build.0 = Release|Any CPU
		{248FAA18-B319-4D71-BFD3-802A662A2B61}.SingleImage|Any CPU.ActiveCfg = Release|Any CPU
		{248FAA18-B319-4D71-BFD3-802A662A2B61}.SingleImage|Any CPU.Build.0 = Release|Any CPU
		{F8695946-D685-41F2-AB52-C38BE79F0829}.CD_ROM|Any CPU.ActiveCfg = Release|Any CPU
		{F8695946-D685-41F2-AB52-C38BE79F0829}.CD_ROM|Any CPU.Build.0 = Release|Any CPU
		{F8695946-D685-41F2-AB52-C38BE79F0829}.Debug|Any CPU.ActiveCfg = Debug|Any CPU
		{F8695946-D685-41F2-AB52-C38BE79F0829}.Debug|Any CPU.Build.0 = Debug|Any CPU
		{F8695946-D685-41F2-AB52-C38BE79F0829}.DVD-5|Any CPU.ActiveCfg = Debug|Any CPU
		{F8695946-D685-41F2-AB52-C38BE79F0829}.DVD-5|Any CPU.Build.0 = Debug|Any CPU
		{F8695946-D685-41F2-AB52-C38BE79F0829}.Release|Any CPU.ActiveCfg = Release|Any CPU
		{F8695946-D685-41F2-AB52-C38BE79F0829}.Release|Any CPU.Build.0 = Release|Any CPU
		{F8695946-D685-41F2-AB52-C38BE79F0829}.SingleImage|Any CPU.ActiveCfg = Release|Any CPU
		{F8695946-D685-41F2-AB52-C38BE79F0829}.SingleImage|Any CPU.Build.0 = Release|Any CPU
		{69CF4150-4365-46B8-BC7D-35509AD0B108}.CD_ROM|Any CPU.ActiveCfg = Release|Any CPU
		{69CF4150-4365-46B8-BC7D-35509AD0B108}.CD_ROM|Any CPU.Build.0 = Release|Any CPU
		{69CF4150-4365-46B8-BC7D-35509AD0B108}.Debug|Any CPU.ActiveCfg = Debug|Any CPU
		{69CF4150-4365-46B8-BC7D-35509AD0B108}.Debug|Any CPU.Build.0 = Debug|Any CPU
		{69CF4150-4365-46B8-BC7D-35509AD0B108}.DVD-5|Any CPU.ActiveCfg = Debug|Any CPU
		{69CF4150-4365-46B8-BC7D-35509AD0B108}.DVD-5|Any CPU.Build.0 = Debug|Any CPU
		{69CF4150-4365-46B8-BC7D-35509AD0B108}.Release|Any CPU.ActiveCfg = Release|Any CPU
		{69CF4150-4365-46B8-BC7D-35509AD0B108}.Release|Any CPU.Build.0 = Release|Any CPU
		{69CF4150-4365-46B8-BC7D-35509AD0B108}.SingleImage|Any CPU.ActiveCfg = Release|Any CPU
		{69CF4150-4365-46B8-BC7D-35509AD0B108}.SingleImage|Any CPU.Build.0 = Release|Any CPU
	EndGlobalSection
	GlobalSection(SolutionProperties) = preSolution
		HideSolutionNode = FALSE
	EndGlobalSection
EndGlobal
